// !$*UTF8*$!
{
	archiveVersion = 1;
	classes = {
	};
	objectVersion = 46;
	objects = {

/* Begin PBXBuildFile section */
		40EFAC40209D0B94000B3BBF /* AppDelegate.swift in Sources */ = {isa = PBXBuildFile; fileRef = 40EFAC3F209D0B94000B3BBF /* AppDelegate.swift */; };
		40EFAC42209D0B94000B3BBF /* ViewController.swift in Sources */ = {isa = PBXBuildFile; fileRef = 40EFAC41209D0B94000B3BBF /* ViewController.swift */; };
		40EFAC45209D0B94000B3BBF /* Main.storyboard in Resources */ = {isa = PBXBuildFile; fileRef = 40EFAC43209D0B94000B3BBF /* Main.storyboard */; };
		40EFAC47209D0B94000B3BBF /* Assets.xcassets in Resources */ = {isa = PBXBuildFile; fileRef = 40EFAC46209D0B94000B3BBF /* Assets.xcassets */; };
		40EFAC4A209D0B94000B3BBF /* LaunchScreen.storyboard in Resources */ = {isa = PBXBuildFile; fileRef = 40EFAC48209D0B94000B3BBF /* LaunchScreen.storyboard */; };
		40EFAC54209D0F42000B3BBF /* Board.png in Resources */ = {isa = PBXBuildFile; fileRef = 40EFAC51209D0F42000B3BBF /* Board.png */; };
		40EFAC55209D0F42000B3BBF /* O.png in Resources */ = {isa = PBXBuildFile; fileRef = 40EFAC52209D0F42000B3BBF /* O.png */; };
		40EFAC56209D0F42000B3BBF /* X.png in Resources */ = {isa = PBXBuildFile; fileRef = 40EFAC53209D0F42000B3BBF /* X.png */; };
		40EFAC5A209E8F80000B3BBF /* replay-hi.png in Resources */ = {isa = PBXBuildFile; fileRef = 40EFAC59209E8F80000B3BBF /* replay-hi.png */; };
/* End PBXBuildFile section */

/* Begin PBXFileReference section */
		40EFAC3C209D0B94000B3BBF /* Tic Tac Toe.app */ = {isa = PBXFileReference; explicitFileType = wrapper.application; includeInIndex = 0; path = "Tic Tac Toe.app"; sourceTree = BUILT_PRODUCTS_DIR; };
		40EFAC3F209D0B94000B3BBF /* AppDelegate.swift */ = {isa = PBXFileReference; lastKnownFileType = sourcecode.swift; path = AppDelegate.swift; sourceTree = "<group>"; };
		40EFAC41209D0B94000B3BBF /* ViewController.swift */ = {isa = PBXFileReference; lastKnownFileType = sourcecode.swift; path = ViewController.swift; sourceTree = "<group>"; };
		40EFAC44209D0B94000B3BBF /* Base */ = {isa = PBXFileReference; lastKnownFileType = file.storyboard; name = Base; path = Base.lproj/Main.storyboard; sourceTree = "<group>"; };
		40EFAC46209D0B94000B3BBF /* Assets.xcassets */ = {isa = PBXFileReference; lastKnownFileType = folder.assetcatalog; path = Assets.xcassets; sourceTree = "<group>"; };
		40EFAC49209D0B94000B3BBF /* Base */ = {isa = PBXFileReference; lastKnownFileType = file.storyboard; name = Base; path = Base.lproj/LaunchScreen.storyboard; sourceTree = "<group>"; };
		40EFAC4B209D0B94000B3BBF /* Info.plist */ = {isa = PBXFileReference; lastKnownFileType = text.plist.xml; path = Info.plist; sourceTree = "<group>"; };
		40EFAC51209D0F42000B3BBF /* Board.png */ = {isa = PBXFileReference; lastKnownFileType = image.png; name = Board.png; path = Assets.xcassets/Board.png; sourceTree = "<group>"; };
		40EFAC52209D0F42000B3BBF /* O.png */ = {isa = PBXFileReference; lastKnownFileType = image.png; name = O.png; path = Assets.xcassets/O.png; sourceTree = "<group>"; };
		40EFAC53209D0F42000B3BBF /* X.png */ = {isa = PBXFileReference; lastKnownFileType = image.png; name = X.png; path = Assets.xcassets/X.png; sourceTree = "<group>"; };
		40EFAC59209E8F80000B3BBF /* replay-hi.png */ = {isa = PBXFileReference; lastKnownFileType = image.png; name = "replay-hi.png"; path = "Assets.xcassets/replay-hi.png"; sourceTree = "<group>"; };
/* End PBXFileReference section */

/* Begin PBXFrameworksBuildPhase section */
		40EFAC39209D0B94000B3BBF /* Frameworks */ = {
			isa = PBXFrameworksBuildPhase;
			buildActionMask = 2147483647;
			files = (
			);
			runOnlyForDeploymentPostprocessing = 0;
		};
/* End PBXFrameworksBuildPhase section */

/* Begin PBXGroup section */
		40EFAC33209D0B94000B3BBF = {
			isa = PBXGroup;
			children = (
				40EFAC3E209D0B94000B3BBF /* Tic Tac Toe */,
				40EFAC3D209D0B94000B3BBF /* Products */,
			);
			sourceTree = "<group>";
		};
		40EFAC3D209D0B94000B3BBF /* Products */ = {
			isa = PBXGroup;
			children = (
				40EFAC3C209D0B94000B3BBF /* Tic Tac Toe.app */,
			);
			name = Products;
			sourceTree = "<group>";
		};
		40EFAC3E209D0B94000B3BBF /* Tic Tac Toe */ = {
			isa = PBXGroup;
			children = (
				40EFAC3F209D0B94000B3BBF /* AppDelegate.swift */,
				40EFAC41209D0B94000B3BBF /* ViewController.swift */,
				40EFAC43209D0B94000B3BBF /* Main.storyboard */,
				40EFAC46209D0B94000B3BBF /* Assets.xcassets */,
				40EFAC51209D0F42000B3BBF /* Board.png */,
				40EFAC52209D0F42000B3BBF /* O.png */,
				40EFAC53209D0F42000B3BBF /* X.png */,
				40EFAC59209E8F80000B3BBF /* replay-hi.png */,
				40EFAC48209D0B94000B3BBF /* LaunchScreen.storyboard */,
				40EFAC4B209D0B94000B3BBF /* Info.plist */,
			);
			path = "Tic Tac Toe";
			sourceTree = "<group>";
		};
/* End PBXGroup section */

/* Begin PBXNativeTarget section */
		40EFAC3B209D0B94000B3BBF /* Tic Tac Toe */ = {
			isa = PBXNativeTarget;
			buildConfigurationList = 40EFAC4E209D0B94000B3BBF /* Build configuration list for PBXNativeTarget "Tic Tac Toe" */;
			buildPhases = (
				40EFAC38209D0B94000B3BBF /* Sources */,
				40EFAC39209D0B94000B3BBF /* Frameworks */,
				40EFAC3A209D0B94000B3BBF /* Resources */,
			);
			buildRules = (
			);
			dependencies = (
			);
			name = "Tic Tac Toe";
			productName = "Tic Tac Toe";
			productReference = 40EFAC3C209D0B94000B3BBF /* Tic Tac Toe.app */;
			productType = "com.apple.product-type.application";
		};
/* End PBXNativeTarget section */

/* Begin PBXProject section */
		40EFAC34209D0B94000B3BBF /* Project object */ = {
			isa = PBXProject;
			attributes = {
				LastSwiftUpdateCheck = 0830;
				LastUpgradeCheck = 0830;
				ORGANIZATIONNAME = Csabi;
				TargetAttributes = {
					40EFAC3B209D0B94000B3BBF = {
						CreatedOnToolsVersion = 8.3.3;
						DevelopmentTeam = 7K888B9TC5;
						ProvisioningStyle = Automatic;
					};
				};
			};
			buildConfigurationList = 40EFAC37209D0B94000B3BBF /* Build configuration list for PBXProject "Tic Tac Toe" */;
			compatibilityVersion = "Xcode 3.2";
			developmentRegion = English;
			hasScannedForEncodings = 0;
			knownRegions = (
				en,
				Base,
			);
			mainGroup = 40EFAC33209D0B94000B3BBF;
			productRefGroup = 40EFAC3D209D0B94000B3BBF /* Products */;
			projectDirPath = "";
			projectRoot = "";
			targets = (
				40EFAC3B209D0B94000B3BBF /* Tic Tac Toe */,
			);
		};
/* End PBXProject section */

/* Begin PBXResourcesBuildPhase section */
		40EFAC3A209D0B94000B3BBF /* Resources */ = {
			isa = PBXResourcesBuildPhase;
			buildActionMask = 2147483647;
			files = (
				40EFAC56209D0F42000B3BBF /* X.png in Resources */,
				40EFAC54209D0F42000B3BBF /* Board.png in Resources */,
				40EFAC5A209E8F80000B3BBF /* replay-hi.png in Resources */,
				40EFAC4A209D0B94000B3BBF /* LaunchScreen.storyboard in Resources */,
				40EFAC47209D0B94000B3BBF /* Assets.xcassets in Resources */,
				40EFAC45209D0B94000B3BBF /* Main.storyboard in Resources */,
				40EFAC55209D0F42000B3BBF /* O.png in Resources */,
			);
			runOnlyForDeploymentPostprocessing = 0;
		};
/* End PBXResourcesBuildPhase section */

/* Begin PBXSourcesBuildPhase section */
		40EFAC38209D0B94000B3BBF /* Sources */ = {
			isa = PBXSourcesBuildPhase;
			buildActionMask = 2147483647;
			files = (
				40EFAC42209D0B94000B3BBF /* ViewController.swift in Sources */,
				40EFAC40209D0B94000B3BBF /* AppDelegate.swift in Sources */,
			);
			runOnlyForDeploymentPostprocessing = 0;
		};
/* End PBXSourcesBuildPhase section */

/* Begin PBXVariantGroup section */
		40EFAC43209D0B94000B3BBF /* Main.storyboard */ = {
			isa = PBXVariantGroup;
			children = (
				40EFAC44209D0B94000B3BBF /* Base */,
			);
			name = Main.storyboard;
			sourceTree = "<group>";
		};
		40EFAC48209D0B94000B3BBF /* LaunchScreen.storyboard */ = {
			isa = PBXVariantGroup;
			children = (
				40EFAC49209D0B94000B3BBF /* Base */,
			);
			name = LaunchScreen.storyboard;
			sourceTree = "<group>";
		};
/* End PBXVariantGroup section */

/* Begin XCBuildConfiguration section */
		40EFAC4C209D0B94000B3BBF /* Debug */ = {
			isa = XCBuildConfiguration;
			buildSettings = {
				ALWAYS_SEARCH_USER_PATHS = NO;
				CLANG_ANALYZER_NONNULL = YES;
				CLANG_ANALYZER_NUMBER_OBJECT_CONVERSION = YES_AGGRESSIVE;
				CLANG_CXX_LANGUAGE_STANDARD = "gnu++0x";
				CLANG_CXX_LIBRARY = "libc++";
				CLANG_ENABLE_MODULES = YES;
				CLANG_ENABLE_OBJC_ARC = YES;
				CLANG_WARN_BOOL_CONVERSION = YES;
				CLANG_WARN_CONSTANT_CONVERSION = YES;
				CLANG_WARN_DIRECT_OBJC_ISA_USAGE = YES_ERROR;
				CLANG_WARN_DOCUMENTATION_COMMENTS = YES;
				CLANG_WARN_EMPTY_BODY = YES;
				CLANG_WARN_ENUM_CONVERSION = YES;
				CLANG_WARN_INFINITE_RECURSION = YES;
				CLANG_WARN_INT_CONVERSION = YES;
				CLANG_WARN_OBJC_ROOT_CLASS = YES_ERROR;
				CLANG_WARN_SUSPICIOUS_MOVE = YES;
				CLANG_WARN_UNREACHABLE_CODE = YES;
				CLANG_WARN__DUPLICATE_METHOD_MATCH = YES;
				"CODE_SIGN_IDENTITY[sdk=iphoneos*]" = "iPhone Developer";
				COPY_PHASE_STRIP = NO;
				DEBUG_INFORMATION_FORMAT = dwarf;
				ENABLE_STRICT_OBJC_MSGSEND = YES;
				ENABLE_TESTABILITY = YES;
				GCC_C_LANGUAGE_STANDARD = gnu99;
				GCC_DYNAMIC_NO_PIC = NO;
				GCC_NO_COMMON_BLOCKS = YES;
				GCC_OPTIMIZATION_LEVEL = 0;
				GCC_PREPROCESSOR_DEFINITIONS = (
					"DEBUG=1",
					"$(inherited)",
				);
				GCC_WARN_64_TO_32_BIT_CONVERSION = YES;
				GCC_WARN_ABOUT_RETURN_TYPE = YES_ERROR;
				GCC_WARN_UNDECLARED_SELECTOR = YES;
				GCC_WARN_UNINITIALIZED_AUTOS = YES_AGGRESSIVE;
				GCC_WARN_UNUSED_FUNCTION = YES;
				GCC_WARN_UNUSED_VARIABLE = YES;
				IPHONEOS_DEPLOYMENT_TARGET = 10.3;
				MTL_ENABLE_DEBUG_INFO = YES;
				ONLY_ACTIVE_ARCH = YES;
				SDKROOT = iphoneos;
				SWIFT_ACTIVE_COMPILATION_CONDITIONS = DEBUG;
				SWIFT_OPTIMIZATION_LEVEL = "-Onone";
			};
			name = Debug;
		};
		40EFAC4D209D0B94000B3BBF /* Release */ = {
			isa = XCBuildConfiguration;
			buildSettings = {
				ALWAYS_SEARCH_USER_PATHS = NO;
				CLANG_ANALYZER_NONNULL = YES;
				CLANG_ANALYZER_NUMBER_OBJECT_CONVERSION = YES_AGGRESSIVE;
				CLANG_CXX_LANGUAGE_STANDARD = "gnu++0x";
				CLANG_CXX_LIBRARY = "libc++";
				CLANG_ENABLE_MODULES = YES;
				CLANG_ENABLE_OBJC_ARC = YES;
				CLANG_WARN_BOOL_CONVERSION = YES;
				CLANG_WARN_CONSTANT_CONVERSION = YES;
				CLANG_WARN_DIRECT_OBJC_ISA_USAGE = YES_ERROR;
				CLANG_WARN_DOCUMENTATION_COMMENTS = YES;
				CLANG_WARN_EMPTY_BODY = YES;
				CLANG_WARN_ENUM_CONVERSION = YES;
				CLANG_WARN_INFINITE_RECURSION = YES;
				CLANG_WARN_INT_CONVERSION = YES;
				CLANG_WARN_OBJC_ROOT_CLASS = YES_ERROR;
				CLANG_WARN_SUSPICIOUS_MOVE = YES;
				CLANG_WARN_UNREACHABLE_CODE = YES;
				CLANG_WARN__DUPLICATE_METHOD_MATCH = YES;
				"CODE_SIGN_IDENTITY[sdk=iphoneos*]" = "iPhone Developer";
				COPY_PHASE_STRIP = NO;
				DEBUG_INFORMATION_FORMAT = "dwarf-with-dsym";
				ENABLE_NS_ASSERTIONS = NO;
				ENABLE_STRICT_OBJC_MSGSEND = YES;
				GCC_C_LANGUAGE_STANDARD = gnu99;
				GCC_NO_COMMON_BLOCKS = YES;
				GCC_WARN_64_TO_32_BIT_CONVERSION = YES;
				GCC_WARN_ABOUT_RETURN_TYPE = YES_ERROR;
				GCC_WARN_UNDECLARED_SELECTOR = YES;
				GCC_WARN_UNINITIALIZED_AUTOS = YES_AGGRESSIVE;
				GCC_WARN_UNUSED_FUNCTION = YES;
				GCC_WARN_UNUSED_VARIABLE = YES;
				IPHONEOS_DEPLOYMENT_TARGET = 10.3;
				MTL_ENABLE_DEBUG_INFO = NO;
				SDKROOT = iphoneos;
				SWIFT_OPTIMIZATION_LEVEL = "-Owholemodule";
				VALIDATE_PRODUCT = YES;
			};
			name = Release;
		};
		40EFAC4F209D0B94000B3BBF /* Debug */ = {
			isa = XCBuildConfiguration;
			buildSettings = {
				ASSETCATALOG_COMPILER_APPICON_NAME = AppIcon;
				DEVELOPMENT_TEAM = 7K888B9TC5;
				INFOPLIST_FILE = "Tic Tac Toe/Info.plist";
				IPHONEOS_DEPLOYMENT_TARGET = 9.0;
				LD_RUNPATH_SEARCH_PATHS = "$(inherited) @executable_path/Frameworks";
				PRODUCT_BUNDLE_IDENTIFIER = "com.caudio.Tic-Tac-Toe";
				PRODUCT_NAME = "$(TARGET_NAME)";
				SWIFT_VERSION = 3.0;
			};
			name = Debug;
		};
		40EFAC50209D0B94000B3BBF /* Release */ = {
			isa = XCBuildConfiguration;
			buildSettings = {
				ASSETCATALOG_COMPILER_APPICON_NAME = AppIcon;
				DEVELOPMENT_TEAM = 7K888B9TC5;
				INFOPLIST_FILE = "Tic Tac Toe/Info.plist";
				IPHONEOS_DEPLOYMENT_TARGET = 9.0;
				LD_RUNPATH_SEARCH_PATHS = "$(inherited) @executable_path/Frameworks";
				PRODUCT_BUNDLE_IDENTIFIER = "com.caudio.Tic-Tac-Toe";
				PRODUCT_NAME = "$(TARGET_NAME)";
				SWIFT_VERSION = 3.0;
			};
			name = Release;
		};
/* End XCBuildConfiguration section */

/* Begin XCConfigurationList section */
		40EFAC37209D0B94000B3BBF /* Build configuration list for PBXProject "Tic Tac Toe" */ = {
			isa = XCConfigurationList;
			buildConfigurations = (
				40EFAC4C209D0B94000B3BBF /* Debug */,
				40EFAC4D209D0B94000B3BBF /* Release */,
			);
			defaultConfigurationIsVisible = 0;
			defaultConfigurationName = Release;
		};
		40EFAC4E209D0B94000B3BBF /* Build configuration list for PBXNativeTarget "Tic Tac Toe" */ = {
			isa = XCConfigurationList;
			buildConfigurations = (
				40EFAC4F209D0B94000B3BBF /* Debug */,
				40EFAC50209D0B94000B3BBF /* Release */,
			);
			defaultConfigurationIsVisible = 0;
			defaultConfigurationName = Release;
		};
/* End XCConfigurationList section */
	};
	rootObject = 40EFAC34209D0B94000B3BBF /* Project object */;
}
